{
  "version": 4,
  "terraform_version": "1.10.0",
  "serial": 8,
  "lineage": "e2467397-afea-7a4f-a5a3-97044c365554",
  "outputs": {
    "resource_group_id": {
      "value": "/subscriptions/bfd8881a-6cc5-4a55-81d7-73350c1acc1f/resourceGroups/IT-Prod-vkrggg",
      "type": "string"
    },
    "resource_group_name": {
      "value": "IT-Prod-vkrggg",
      "type": "string"
    },
    "virtual_network_name": {
      "value": "vknet",
      "type": "string"
    }
  },
  "resources": [
    {
      "mode": "managed",
      "type": "azurerm_network_interface",
      "name": "vknic",
      "provider": "provider[\"registry.terraform.io/hashicorp/azurerm\"]",
      "instances": [
        {
          "schema_version": 0,
          "attributes": {
            "accelerated_networking_enabled": false,
            "applied_dns_servers": [],
            "auxiliary_mode": "",
            "auxiliary_sku": "",
            "dns_servers": null,
            "edge_zone": "",
            "id": "/subscriptions/bfd8881a-6cc5-4a55-81d7-73350c1acc1f/resourceGroups/IT-Prod-vkrggg/providers/Microsoft.Network/networkInterfaces/vknic1",
            "internal_dns_name_label": "",
            "internal_domain_name_suffix": "hhrb2433jc2urpa0exsqryn22e.sx.internal.cloudapp.net",
            "ip_configuration": [
              {
                "gateway_load_balancer_frontend_ip_configuration_id": "",
                "name": "internal",
                "primary": true,
                "private_ip_address": "10.0.2.4",
                "private_ip_address_allocation": "Dynamic",
                "private_ip_address_version": "IPv4",
                "public_ip_address_id": "/subscriptions/bfd8881a-6cc5-4a55-81d7-73350c1acc1f/resourceGroups/IT-Prod-vkrggg/providers/Microsoft.Network/publicIPAddresses/vkpublicip-1",
                "subnet_id": "/subscriptions/bfd8881a-6cc5-4a55-81d7-73350c1acc1f/resourceGroups/IT-Prod-vkrggg/providers/Microsoft.Network/virtualNetworks/vknet/subnets/vksubnet"
              }
            ],
            "ip_forwarding_enabled": false,
            "location": "westindia",
            "mac_address": "",
            "name": "vknic1",
            "private_ip_address": "10.0.2.4",
            "private_ip_addresses": [
              "10.0.2.4"
            ],
            "resource_group_name": "IT-Prod-vkrggg",
            "tags": null,
            "timeouts": null,
            "virtual_machine_id": ""
          },
          "sensitive_attributes": [],
          "private": "eyJlMmJmYjczMC1lY2FhLTExZTYtOGY4OC0zNDM2M2JjN2M0YzAiOnsiY3JlYXRlIjoxODAwMDAwMDAwMDAwLCJkZWxldGUiOjE4MDAwMDAwMDAwMDAsInJlYWQiOjMwMDAwMDAwMDAwMCwidXBkYXRlIjoxODAwMDAwMDAwMDAwfX0=",
          "dependencies": [
            "azurerm_public_ip.vkpublicip",
            "azurerm_resource_group.vk-rg",
            "azurerm_subnet.vksubnet",
            "azurerm_virtual_network.vknet",
            "random_string.vkrandom"
          ]
        }
      ]
    },
    {
      "mode": "managed",
      "type": "azurerm_public_ip",
      "name": "vkpublicip",
      "provider": "provider[\"registry.terraform.io/hashicorp/azurerm\"]",
      "instances": [
        {
          "schema_version": 0,
          "attributes": {
            "allocation_method": "Static",
            "ddos_protection_mode": "VirtualNetworkInherited",
            "ddos_protection_plan_id": null,
            "domain_name_label": "app1-ibpgydwydvowgysy",
            "domain_name_label_scope": "",
            "edge_zone": "",
            "fqdn": "app1-ibpgydwydvowgysy.westindia.cloudapp.azure.com",
            "id": "/subscriptions/bfd8881a-6cc5-4a55-81d7-73350c1acc1f/resourceGroups/IT-Prod-vkrggg/providers/Microsoft.Network/publicIPAddresses/vkpublicip-1",
            "idle_timeout_in_minutes": 4,
            "ip_address": "52.136.37.148",
            "ip_tags": null,
            "ip_version": "IPv4",
            "location": "westindia",
            "name": "vkpublicip-1",
            "public_ip_prefix_id": null,
            "resource_group_name": "IT-Prod-vkrggg",
            "reverse_fqdn": "",
            "sku": "Standard",
            "sku_tier": "Regional",
            "tags": {
              "environment": "Dev"
            },
            "timeouts": null,
            "zones": null
          },
          "sensitive_attributes": [],
          "private": "eyJlMmJmYjczMC1lY2FhLTExZTYtOGY4OC0zNDM2M2JjN2M0YzAiOnsiY3JlYXRlIjoxODAwMDAwMDAwMDAwLCJkZWxldGUiOjE4MDAwMDAwMDAwMDAsInJlYWQiOjMwMDAwMDAwMDAwMCwidXBkYXRlIjoxODAwMDAwMDAwMDAwfX0=",
          "dependencies": [
            "azurerm_resource_group.vk-rg",
            "azurerm_subnet.vksubnet",
            "azurerm_virtual_network.vknet",
            "random_string.vkrandom"
          ]
        }
      ]
    },
    {
      "mode": "managed",
      "type": "azurerm_resource_group",
      "name": "vk-rg",
      "provider": "provider[\"registry.terraform.io/hashicorp/azurerm\"]",
      "instances": [
        {
          "schema_version": 0,
          "attributes": {
            "id": "/subscriptions/bfd8881a-6cc5-4a55-81d7-73350c1acc1f/resourceGroups/IT-Prod-vkrggg",
            "location": "westindia",
            "managed_by": "",
            "name": "IT-Prod-vkrggg",
            "tags": null,
            "timeouts": null
          },
          "sensitive_attributes": [],
          "private": "eyJlMmJmYjczMC1lY2FhLTExZTYtOGY4OC0zNDM2M2JjN2M0YzAiOnsiY3JlYXRlIjo1NDAwMDAwMDAwMDAwLCJkZWxldGUiOjU0MDAwMDAwMDAwMDAsInJlYWQiOjMwMDAwMDAwMDAwMCwidXBkYXRlIjo1NDAwMDAwMDAwMDAwfX0="
        }
      ]
    },
    {
      "mode": "managed",
      "type": "azurerm_subnet",
      "name": "vksubnet",
      "provider": "provider[\"registry.terraform.io/hashicorp/azurerm\"]",
      "instances": [
        {
          "schema_version": 0,
          "attributes": {
            "address_prefixes": [
              "10.0.2.0/24"
            ],
            "default_outbound_access_enabled": true,
            "delegation": [],
            "id": "/subscriptions/bfd8881a-6cc5-4a55-81d7-73350c1acc1f/resourceGroups/IT-Prod-vkrggg/providers/Microsoft.Network/virtualNetworks/vknet/subnets/vksubnet",
            "name": "vksubnet",
            "private_endpoint_network_policies": "Disabled",
            "private_link_service_network_policies_enabled": true,
            "resource_group_name": "IT-Prod-vkrggg",
            "service_endpoint_policy_ids": null,
            "service_endpoints": null,
            "timeouts": null,
            "virtual_network_name": "vknet"
          },
          "sensitive_attributes": [],
          "private": "eyJlMmJmYjczMC1lY2FhLTExZTYtOGY4OC0zNDM2M2JjN2M0YzAiOnsiY3JlYXRlIjoxODAwMDAwMDAwMDAwLCJkZWxldGUiOjE4MDAwMDAwMDAwMDAsInJlYWQiOjMwMDAwMDAwMDAwMCwidXBkYXRlIjoxODAwMDAwMDAwMDAwfX0=",
          "dependencies": [
            "azurerm_resource_group.vk-rg",
            "azurerm_virtual_network.vknet"
          ]
        }
      ]
    },
    {
      "mode": "managed",
      "type": "azurerm_virtual_network",
      "name": "vknet",
      "provider": "provider[\"registry.terraform.io/hashicorp/azurerm\"]",
      "instances": [
        {
          "schema_version": 0,
          "attributes": {
            "address_space": [
              "10.0.0.0/16"
            ],
            "bgp_community": "",
            "ddos_protection_plan": [],
            "dns_servers": [],
            "edge_zone": "",
            "encryption": [],
            "flow_timeout_in_minutes": 0,
            "guid": "7b1ee239-48bd-48b9-bc1a-25e508e1bce4",
            "id": "/subscriptions/bfd8881a-6cc5-4a55-81d7-73350c1acc1f/resourceGroups/IT-Prod-vkrggg/providers/Microsoft.Network/virtualNetworks/vknet",
            "location": "westindia",
            "name": "vknet",
            "resource_group_name": "IT-Prod-vkrggg",
            "subnet": [],
            "tags": {
              "environment": "Dev",
              "owner": "vivek"
            },
            "timeouts": null
          },
          "sensitive_attributes": [],
          "private": "eyJlMmJmYjczMC1lY2FhLTExZTYtOGY4OC0zNDM2M2JjN2M0YzAiOnsiY3JlYXRlIjoxODAwMDAwMDAwMDAwLCJkZWxldGUiOjE4MDAwMDAwMDAwMDAsInJlYWQiOjMwMDAwMDAwMDAwMCwidXBkYXRlIjoxODAwMDAwMDAwMDAwfX0=",
          "dependencies": [
            "azurerm_resource_group.vk-rg"
          ]
        }
      ]
    },
    {
      "mode": "managed",
      "type": "random_string",
      "name": "vkrandom",
      "provider": "provider[\"registry.terraform.io/hashicorp/random\"]",
      "instances": [
        {
          "schema_version": 2,
          "attributes": {
            "id": "ibpgydwydvowgysy",
            "keepers": null,
            "length": 16,
            "lower": true,
            "min_lower": 0,
            "min_numeric": 0,
            "min_special": 0,
            "min_upper": 0,
            "number": false,
            "numeric": false,
            "override_special": null,
            "result": "ibpgydwydvowgysy",
            "special": false,
            "upper": false
          },
          "sensitive_attributes": []
        }
      ]
    }
  ],
  "check_results": [
    {
      "object_kind": "var",
      "config_addr": "var.resource_group_location",
      "status": "pass",
      "objects": [
        {
          "object_addr": "var.resource_group_location",
          "status": "pass"
        }
      ]
    }
  ]
}
